
Microsoft Visual Studio Solution File, Format Version 12.00
# Visual Studio Version 16
VisualStudioVersion = 16.0.29609.76
MinimumVisualStudioVersion = 10.0.40219.1
Project("{2150E333-8FDC-42A3-9474-1A3956D46DE8}") = "Cross", "Cross", "{B0E40797-9AD5-40D4-BAFF-8BF9DCA1BBA5}"
EndProject
Project("{2150E333-8FDC-42A3-9474-1A3956D46DE8}") = "Projects", "Projects", "{DD738C45-435B-4639-B33F-B6BA8BAD04E9}"
EndProject
Project("{2150E333-8FDC-42A3-9474-1A3956D46DE8}") = "Gateway", "Gateway", "{6EA8374F-5E46-4BF2-962C-7DE7A45C43E8}"
EndProject
Project("{2150E333-8FDC-42A3-9474-1A3956D46DE8}") = "Microservices", "Microservices", "{E23920AC-BF43-4A20-AB77-F7E6D85CF8C3}"
EndProject
Project("{2150E333-8FDC-42A3-9474-1A3956D46DE8}") = "Account", "Account", "{7EDC32A6-397B-4BF2-8DF5-BD9187180BAC}"
EndProject
Project("{2150E333-8FDC-42A3-9474-1A3956D46DE8}") = "Deposit", "Deposit", "{815CC760-5E46-4DB9-98B7-B9F5D20F5EBE}"
EndProject
Project("{2150E333-8FDC-42A3-9474-1A3956D46DE8}") = "Withdrawal", "Withdrawal", "{5DDF1F1D-5E7B-46C9-88FF-A77E4525D4C6}"
EndProject
Project("{2150E333-8FDC-42A3-9474-1A3956D46DE8}") = "Security", "Security", "{4670D2A4-BFD8-415F-B18D-8722555E3B28}"
EndProject
Project("{2150E333-8FDC-42A3-9474-1A3956D46DE8}") = "Notification", "Notification", "{DFA9B3CB-273F-42AE-BB59-22A4D5045683}"
EndProject
Project("{2150E333-8FDC-42A3-9474-1A3956D46DE8}") = "History", "History", "{E34ADD44-60BB-4A60-A92B-63E9406CE88A}"
EndProject
Project("{9A19103F-16F7-4668-BE54-9A1E7A4F7556}") = "MS.AFORO255.Security", "MS.AFORO255.Security\MS.AFORO255.Security.csproj", "{54DFC7D1-3A83-4052-A545-0C46B1B330A6}"
EndProject
Project("{9A19103F-16F7-4668-BE54-9A1E7A4F7556}") = "MS.AFORO255.Cross.Jwt", "MS.AFORO255.Cross.Jwt\MS.AFORO255.Cross.Jwt.csproj", "{F37CFBAE-CC3D-4DEE-AEE5-B98B9957121E}"
EndProject
Project("{9A19103F-16F7-4668-BE54-9A1E7A4F7556}") = "MS.AFORO255.Account", "MS.AFORO255.Account\MS.AFORO255.Account.csproj", "{6DFCA8CC-3A7F-466D-9512-DD4CA27C579E}"
EndProject
Project("{9A19103F-16F7-4668-BE54-9A1E7A4F7556}") = "MS.AFORO255.Deposit", "MS.AFORO255.Deposit\MS.AFORO255.Deposit.csproj", "{FE17E1C1-D206-4E4F-930B-A49C276CFEB5}"
EndProject
Project("{9A19103F-16F7-4668-BE54-9A1E7A4F7556}") = "MS.AFORO255.Withdrawal", "MS.AFORO255.Withdrawal\MS.AFORO255.Withdrawal.csproj", "{55BC40D3-29E6-4896-939A-64C547A86504}"
EndProject
Project("{9A19103F-16F7-4668-BE54-9A1E7A4F7556}") = "MS.AFORO255.History", "MS.AFORO255.History\MS.AFORO255.History.csproj", "{9942DBAD-6249-4115-A2D9-64453A2BF67F}"
EndProject
Project("{9A19103F-16F7-4668-BE54-9A1E7A4F7556}") = "MS.AFORO255.Notification", "MS.AFORO255.Notification\MS.AFORO255.Notification.csproj", "{7C84437C-DA5E-47F7-9436-BAD25029BBA9}"
EndProject
Project("{9A19103F-16F7-4668-BE54-9A1E7A4F7556}") = "MS.AFORO255.Cross.RabbitMQ", "MS.AFORO255.Cross.RabbitMQ\MS.AFORO255.Cross.RabbitMQ.csproj", "{C7CFDD3E-ACF2-4EF0-8914-70EC91C3A2DF}"
EndProject
Project("{9A19103F-16F7-4668-BE54-9A1E7A4F7556}") = "MS.AFORO255.Cross.Proxy", "MS.AFORO255.Cross.Proxy\MS.AFORO255.Cross.Proxy.csproj", "{C8D027BD-2341-42AA-8741-3DE9DFCCCEFF}"
EndProject
Project("{9A19103F-16F7-4668-BE54-9A1E7A4F7556}") = "MS.AFORO255.Gateway", "MS.AFORO255.Gateway\MS.AFORO255.Gateway.csproj", "{8B7EDE94-ACA0-4441-80B5-B91D8B2A9ED3}"
EndProject
Project("{9A19103F-16F7-4668-BE54-9A1E7A4F7556}") = "MS.AFORO255.Cross.Consul", "MS.AFORO255.Cross.Consul\MS.AFORO255.Cross.Consul.csproj", "{1A297D99-4304-42D0-A41B-EA6504745338}"
EndProject
Project("{9A19103F-16F7-4668-BE54-9A1E7A4F7556}") = "MS.AFORO255.Cross.Redis", "MS.AFORO255.Cross.Redis\MS.AFORO255.Cross.Redis.csproj", "{02CB8AC2-AB68-4F12-8441-6FB18F8C1D4D}"
EndProject
Project("{9A19103F-16F7-4668-BE54-9A1E7A4F7556}") = "MS.AFORO255.Cross.Jaeger", "MS.AFORO255.Cross.Jaeger\MS.AFORO255.Cross.Jaeger.csproj", "{EE77CCFF-912D-4E55-BD48-4744F39823D9}"
EndProject
Project("{9A19103F-16F7-4668-BE54-9A1E7A4F7556}") = "MS.AFORO255.Cross.Metrics", "MS.AFORO255.Cross.Metrics\MS.AFORO255.Cross.Metrics.csproj", "{BAB79338-2232-4C8E-AD65-E98F38787A42}"
EndProject
Global
	GlobalSection(SolutionConfigurationPlatforms) = preSolution
		Debug|Any CPU = Debug|Any CPU
		Release|Any CPU = Release|Any CPU
	EndGlobalSection
	GlobalSection(ProjectConfigurationPlatforms) = postSolution
		{54DFC7D1-3A83-4052-A545-0C46B1B330A6}.Debug|Any CPU.ActiveCfg = Debug|Any CPU
		{54DFC7D1-3A83-4052-A545-0C46B1B330A6}.Debug|Any CPU.Build.0 = Debug|Any CPU
		{54DFC7D1-3A83-4052-A545-0C46B1B330A6}.Release|Any CPU.ActiveCfg = Release|Any CPU
		{54DFC7D1-3A83-4052-A545-0C46B1B330A6}.Release|Any CPU.Build.0 = Release|Any CPU
		{F37CFBAE-CC3D-4DEE-AEE5-B98B9957121E}.Debug|Any CPU.ActiveCfg = Debug|Any CPU
		{F37CFBAE-CC3D-4DEE-AEE5-B98B9957121E}.Debug|Any CPU.Build.0 = Debug|Any CPU
		{F37CFBAE-CC3D-4DEE-AEE5-B98B9957121E}.Release|Any CPU.ActiveCfg = Release|Any CPU
		{F37CFBAE-CC3D-4DEE-AEE5-B98B9957121E}.Release|Any CPU.Build.0 = Release|Any CPU
		{6DFCA8CC-3A7F-466D-9512-DD4CA27C579E}.Debug|Any CPU.ActiveCfg = Debug|Any CPU
		{6DFCA8CC-3A7F-466D-9512-DD4CA27C579E}.Debug|Any CPU.Build.0 = Debug|Any CPU
		{6DFCA8CC-3A7F-466D-9512-DD4CA27C579E}.Release|Any CPU.ActiveCfg = Release|Any CPU
		{6DFCA8CC-3A7F-466D-9512-DD4CA27C579E}.Release|Any CPU.Build.0 = Release|Any CPU
		{FE17E1C1-D206-4E4F-930B-A49C276CFEB5}.Debug|Any CPU.ActiveCfg = Debug|Any CPU
		{FE17E1C1-D206-4E4F-930B-A49C276CFEB5}.Debug|Any CPU.Build.0 = Debug|Any CPU
		{FE17E1C1-D206-4E4F-930B-A49C276CFEB5}.Release|Any CPU.ActiveCfg = Release|Any CPU
		{FE17E1C1-D206-4E4F-930B-A49C276CFEB5}.Release|Any CPU.Build.0 = Release|Any CPU
		{55BC40D3-29E6-4896-939A-64C547A86504}.Debug|Any CPU.ActiveCfg = Debug|Any CPU
		{55BC40D3-29E6-4896-939A-64C547A86504}.Debug|Any CPU.Build.0 = Debug|Any CPU
		{55BC40D3-29E6-4896-939A-64C547A86504}.Release|Any CPU.ActiveCfg = Release|Any CPU
		{55BC40D3-29E6-4896-939A-64C547A86504}.Release|Any CPU.Build.0 = Release|Any CPU
		{9942DBAD-6249-4115-A2D9-64453A2BF67F}.Debug|Any CPU.ActiveCfg = Debug|Any CPU
		{9942DBAD-6249-4115-A2D9-64453A2BF67F}.Debug|Any CPU.Build.0 = Debug|Any CPU
		{9942DBAD-6249-4115-A2D9-64453A2BF67F}.Release|Any CPU.ActiveCfg = Release|Any CPU
		{9942DBAD-6249-4115-A2D9-64453A2BF67F}.Release|Any CPU.Build.0 = Release|Any CPU
		{7C84437C-DA5E-47F7-9436-BAD25029BBA9}.Debug|Any CPU.ActiveCfg = Debug|Any CPU
		{7C84437C-DA5E-47F7-9436-BAD25029BBA9}.Debug|Any CPU.Build.0 = Debug|Any CPU
		{7C84437C-DA5E-47F7-9436-BAD25029BBA9}.Release|Any CPU.ActiveCfg = Release|Any CPU
		{7C84437C-DA5E-47F7-9436-BAD25029BBA9}.Release|Any CPU.Build.0 = Release|Any CPU
		{C7CFDD3E-ACF2-4EF0-8914-70EC91C3A2DF}.Debug|Any CPU.ActiveCfg = Debug|Any CPU
		{C7CFDD3E-ACF2-4EF0-8914-70EC91C3A2DF}.Debug|Any CPU.Build.0 = Debug|Any CPU
		{C7CFDD3E-ACF2-4EF0-8914-70EC91C3A2DF}.Release|Any CPU.ActiveCfg = Release|Any CPU
		{C7CFDD3E-ACF2-4EF0-8914-70EC91C3A2DF}.Release|Any CPU.Build.0 = Release|Any CPU
		{C8D027BD-2341-42AA-8741-3DE9DFCCCEFF}.Debug|Any CPU.ActiveCfg = Debug|Any CPU
		{C8D027BD-2341-42AA-8741-3DE9DFCCCEFF}.Debug|Any CPU.Build.0 = Debug|Any CPU
		{C8D027BD-2341-42AA-8741-3DE9DFCCCEFF}.Release|Any CPU.ActiveCfg = Release|Any CPU
		{C8D027BD-2341-42AA-8741-3DE9DFCCCEFF}.Release|Any CPU.Build.0 = Release|Any CPU
		{8B7EDE94-ACA0-4441-80B5-B91D8B2A9ED3}.Debug|Any CPU.ActiveCfg = Debug|Any CPU
		{8B7EDE94-ACA0-4441-80B5-B91D8B2A9ED3}.Debug|Any CPU.Build.0 = Debug|Any CPU
		{8B7EDE94-ACA0-4441-80B5-B91D8B2A9ED3}.Release|Any CPU.ActiveCfg = Release|Any CPU
		{8B7EDE94-ACA0-4441-80B5-B91D8B2A9ED3}.Release|Any CPU.Build.0 = Release|Any CPU
		{1A297D99-4304-42D0-A41B-EA6504745338}.Debug|Any CPU.ActiveCfg = Debug|Any CPU
		{1A297D99-4304-42D0-A41B-EA6504745338}.Debug|Any CPU.Build.0 = Debug|Any CPU
		{1A297D99-4304-42D0-A41B-EA6504745338}.Release|Any CPU.ActiveCfg = Release|Any CPU
		{1A297D99-4304-42D0-A41B-EA6504745338}.Release|Any CPU.Build.0 = Release|Any CPU
		{02CB8AC2-AB68-4F12-8441-6FB18F8C1D4D}.Debug|Any CPU.ActiveCfg = Debug|Any CPU
		{02CB8AC2-AB68-4F12-8441-6FB18F8C1D4D}.Debug|Any CPU.Build.0 = Debug|Any CPU
		{02CB8AC2-AB68-4F12-8441-6FB18F8C1D4D}.Release|Any CPU.ActiveCfg = Release|Any CPU
		{02CB8AC2-AB68-4F12-8441-6FB18F8C1D4D}.Release|Any CPU.Build.0 = Release|Any CPU
		{EE77CCFF-912D-4E55-BD48-4744F39823D9}.Debug|Any CPU.ActiveCfg = Debug|Any CPU
		{EE77CCFF-912D-4E55-BD48-4744F39823D9}.Debug|Any CPU.Build.0 = Debug|Any CPU
		{EE77CCFF-912D-4E55-BD48-4744F39823D9}.Release|Any CPU.ActiveCfg = Release|Any CPU
		{EE77CCFF-912D-4E55-BD48-4744F39823D9}.Release|Any CPU.Build.0 = Release|Any CPU
		{BAB79338-2232-4C8E-AD65-E98F38787A42}.Debug|Any CPU.ActiveCfg = Debug|Any CPU
		{BAB79338-2232-4C8E-AD65-E98F38787A42}.Debug|Any CPU.Build.0 = Debug|Any CPU
		{BAB79338-2232-4C8E-AD65-E98F38787A42}.Release|Any CPU.ActiveCfg = Release|Any CPU
		{BAB79338-2232-4C8E-AD65-E98F38787A42}.Release|Any CPU.Build.0 = Release|Any CPU
	EndGlobalSection
	GlobalSection(SolutionProperties) = preSolution
		HideSolutionNode = FALSE
	EndGlobalSection
	GlobalSection(NestedProjects) = preSolution
		{6EA8374F-5E46-4BF2-962C-7DE7A45C43E8} = {DD738C45-435B-4639-B33F-B6BA8BAD04E9}
		{E23920AC-BF43-4A20-AB77-F7E6D85CF8C3} = {DD738C45-435B-4639-B33F-B6BA8BAD04E9}
		{7EDC32A6-397B-4BF2-8DF5-BD9187180BAC} = {E23920AC-BF43-4A20-AB77-F7E6D85CF8C3}
		{815CC760-5E46-4DB9-98B7-B9F5D20F5EBE} = {E23920AC-BF43-4A20-AB77-F7E6D85CF8C3}
		{5DDF1F1D-5E7B-46C9-88FF-A77E4525D4C6} = {E23920AC-BF43-4A20-AB77-F7E6D85CF8C3}
		{4670D2A4-BFD8-415F-B18D-8722555E3B28} = {E23920AC-BF43-4A20-AB77-F7E6D85CF8C3}
		{DFA9B3CB-273F-42AE-BB59-22A4D5045683} = {E23920AC-BF43-4A20-AB77-F7E6D85CF8C3}
		{E34ADD44-60BB-4A60-A92B-63E9406CE88A} = {E23920AC-BF43-4A20-AB77-F7E6D85CF8C3}
		{54DFC7D1-3A83-4052-A545-0C46B1B330A6} = {4670D2A4-BFD8-415F-B18D-8722555E3B28}
		{F37CFBAE-CC3D-4DEE-AEE5-B98B9957121E} = {B0E40797-9AD5-40D4-BAFF-8BF9DCA1BBA5}
		{6DFCA8CC-3A7F-466D-9512-DD4CA27C579E} = {7EDC32A6-397B-4BF2-8DF5-BD9187180BAC}
		{FE17E1C1-D206-4E4F-930B-A49C276CFEB5} = {815CC760-5E46-4DB9-98B7-B9F5D20F5EBE}
		{55BC40D3-29E6-4896-939A-64C547A86504} = {5DDF1F1D-5E7B-46C9-88FF-A77E4525D4C6}
		{9942DBAD-6249-4115-A2D9-64453A2BF67F} = {E34ADD44-60BB-4A60-A92B-63E9406CE88A}
		{7C84437C-DA5E-47F7-9436-BAD25029BBA9} = {DFA9B3CB-273F-42AE-BB59-22A4D5045683}
		{C7CFDD3E-ACF2-4EF0-8914-70EC91C3A2DF} = {B0E40797-9AD5-40D4-BAFF-8BF9DCA1BBA5}
		{C8D027BD-2341-42AA-8741-3DE9DFCCCEFF} = {B0E40797-9AD5-40D4-BAFF-8BF9DCA1BBA5}
		{8B7EDE94-ACA0-4441-80B5-B91D8B2A9ED3} = {6EA8374F-5E46-4BF2-962C-7DE7A45C43E8}
		{1A297D99-4304-42D0-A41B-EA6504745338} = {B0E40797-9AD5-40D4-BAFF-8BF9DCA1BBA5}
		{02CB8AC2-AB68-4F12-8441-6FB18F8C1D4D} = {B0E40797-9AD5-40D4-BAFF-8BF9DCA1BBA5}
		{EE77CCFF-912D-4E55-BD48-4744F39823D9} = {B0E40797-9AD5-40D4-BAFF-8BF9DCA1BBA5}
		{BAB79338-2232-4C8E-AD65-E98F38787A42} = {B0E40797-9AD5-40D4-BAFF-8BF9DCA1BBA5}
	EndGlobalSection
	GlobalSection(ExtensibilityGlobals) = postSolution
		SolutionGuid = {3FC16CAF-8629-46A4-95FE-48BBF24C2336}
	EndGlobalSection
EndGlobal
